
Microsoft Visual Studio Solution File, Format Version 12.00
# Visual Studio Version 17
VisualStudioVersion = 17.3.32901.215
MinimumVisualStudioVersion = 10.0.40219.1
Project("{9A19103F-16F7-4668-BE54-9A1E7A4F7556}") = "EetFestijnLib", "EetFestijnLib\EetFestijnLib.csproj", "{788E8605-FB3E-461D-BF1F-F65063337569}"
EndProject
Project("{9A19103F-16F7-4668-BE54-9A1E7A4F7556}") = "EetfestijnUI-WPF", "EetfestijnUI-WPF\EetfestijnUI-WPF.csproj", "{D9E265A1-F5C7-492B-BEF7-624747BBE270}"
EndProject
Global
	GlobalSection(SolutionConfigurationPlatforms) = preSolution
		Debug|Any CPU = Debug|Any CPU
		Debug|x86 = Debug|x86
		Release|Any CPU = Release|Any CPU
		Release|x86 = Release|x86
	EndGlobalSection
	GlobalSection(ProjectConfigurationPlatforms) = postSolution
		{788E8605-FB3E-461D-BF1F-F65063337569}.Debug|Any CPU.ActiveCfg = Debug|Any CPU
		{788E8605-FB3E-461D-BF1F-F65063337569}.Debug|Any CPU.Build.0 = Debug|Any CPU
		{788E8605-FB3E-461D-BF1F-F65063337569}.Debug|x86.ActiveCfg = Debug|Any CPU
		{788E8605-FB3E-461D-BF1F-F65063337569}.Debug|x86.Build.0 = Debug|Any CPU
		{788E8605-FB3E-461D-BF1F-F65063337569}.Release|Any CPU.ActiveCfg = Release|Any CPU
		{788E8605-FB3E-461D-BF1F-F65063337569}.Release|Any CPU.Build.0 = Release|Any CPU
		{788E8605-FB3E-461D-BF1F-F65063337569}.Release|x86.ActiveCfg = Release|Any CPU
		{788E8605-FB3E-461D-BF1F-F65063337569}.Release|x86.Build.0 = Release|Any CPU
		{D9E265A1-F5C7-492B-BEF7-624747BBE270}.Debug|Any CPU.ActiveCfg = Debug|Any CPU
		{D9E265A1-F5C7-492B-BEF7-624747BBE270}.Debug|Any CPU.Build.0 = Debug|Any CPU
		{D9E265A1-F5C7-492B-BEF7-624747BBE270}.Debug|x86.ActiveCfg = Debug|Any CPU
		{D9E265A1-F5C7-492B-BEF7-624747BBE270}.Debug|x86.Build.0 = Debug|Any CPU
		{D9E265A1-F5C7-492B-BEF7-624747BBE270}.Release|Any CPU.ActiveCfg = Release|Any CPU
		{D9E265A1-F5C7-492B-BEF7-624747BBE270}.Release|Any CPU.Build.0 = Release|Any CPU
		{D9E265A1-F5C7-492B-BEF7-624747BBE270}.Release|x86.ActiveCfg = Release|Any CPU
		{D9E265A1-F5C7-492B-BEF7-624747BBE270}.Release|x86.Build.0 = Release|Any CPU
	EndGlobalSection
	GlobalSection(SolutionProperties) = preSolution
		HideSolutionNode = FALSE
	EndGlobalSection
	GlobalSection(ExtensibilityGlobals) = postSolution
		SolutionGuid = {7A274C91-EED3-4753-BF51-1590B558D3F0}
	EndGlobalSection
EndGlobal
